
Microsoft Visual Studio Solution File, Format Version 12.00
# Visual Studio Version 17
VisualStudioVersion = 17.11.35208.52
MinimumVisualStudioVersion = 10.0.40219.1
Project("{FAE04EC0-301F-11D3-BF4B-00C04F79EFBC}") = "EmployeeListApp", "EmployeeListApp\EmployeeListApp.csproj", "{B6980842-1C52-49CB-8080-F0AAB7F112AA}"
EndProject
Global
	GlobalSection(SolutionConfigurationPlatforms) = preSolution
		Debug|Any CPU = Debug|Any CPU
		Release|Any CPU = Release|Any CPU
	EndGlobalSection
	GlobalSection(ProjectConfigurationPlatforms) = postSolution
		{B6980842-1C52-49CB-8080-F0AAB7F112AA}.Debug|Any CPU.ActiveCfg = Debug|Any CPU
		{B6980842-1C52-49CB-8080-F0AAB7F112AA}.Debug|Any CPU.Build.0 = Debug|Any CPU
		{B6980842-1C52-49CB-8080-F0AAB7F112AA}.Release|Any CPU.ActiveCfg = Release|Any CPU
		{B6980842-1C52-49CB-8080-F0AAB7F112AA}.Release|Any CPU.Build.0 = Release|Any CPU
	EndGlobalSection
	GlobalSection(SolutionProperties) = preSolution
		HideSolutionNode = FALSE
	EndGlobalSection
	GlobalSection(ExtensibilityGlobals) = postSolution
		SolutionGuid = {8C1047C9-B0E8-41BB-9A2D-62C2020CC2E7}
	EndGlobalSection
EndGlobal
